
Microsoft Visual Studio Solution File, Format Version 12.00
# Visual Studio Version 17
VisualStudioVersion = 17.0.31903.59
MinimumVisualStudioVersion = 10.0.40219.1
Project("{2150E333-8FDC-42A3-9474-1A3956D46DE8}") = "src", "src", "{827E0CD3-B72D-47B6-A68D-7590B98EB39B}"
EndProject
Project("{FAE04EC0-301F-11D3-BF4B-00C04F79EFBC}") = "MealPreparationService.API", "src\MealPreparationService.API\MealPreparationService.API.csproj", "{0BB4D073-9D51-438A-8003-06515E37440A}"
EndProject
Project("{FAE04EC0-301F-11D3-BF4B-00C04F79EFBC}") = "MealPreparationService.Domain", "src\MealPreparationService.Domain\MealPreparationService.Domain.csproj", "{CF981AA5-18A2-4536-B014-21B3E8DB2616}"
EndProject
Project("{FAE04EC0-301F-11D3-BF4B-00C04F79EFBC}") = "MealPreparationService.DataAccess", "src\MealPreparationService.DataAccess\MealPreparationService.DataAccess.csproj", "{B79C18CD-400E-4F0D-8901-E0742207A7CF}"
EndProject
Project("{FAE04EC0-301F-11D3-BF4B-00C04F79EFBC}") = "MealPreparationService.Business", "src\MealPreparationService.Business\MealPreparationService.Business.csproj", "{29D70217-BF5D-4C0F-9D44-3ADA11F0FFD8}"
EndProject
Project("{2150E333-8FDC-42A3-9474-1A3956D46DE8}") = "tests", "tests", "{0AB3BF05-4346-4AA6-1389-037BE0695223}"
EndProject
Project("{FAE04EC0-301F-11D3-BF4B-00C04F79EFBC}") = "MealPreparationService.Tests", "tests\MealPreparationService.Tests\MealPreparationService.Tests.csproj", "{DE0E1BD9-C0E1-489F-B416-BB2F73042F8D}"
EndProject
Global
	GlobalSection(SolutionConfigurationPlatforms) = preSolution
		Debug|Any CPU = Debug|Any CPU
		Debug|x64 = Debug|x64
		Debug|x86 = Debug|x86
		Release|Any CPU = Release|Any CPU
		Release|x64 = Release|x64
		Release|x86 = Release|x86
	EndGlobalSection
	GlobalSection(ProjectConfigurationPlatforms) = postSolution
		{0BB4D073-9D51-438A-8003-06515E37440A}.Debug|Any CPU.ActiveCfg = Debug|Any CPU
		{0BB4D073-9D51-438A-8003-06515E37440A}.Debug|Any CPU.Build.0 = Debug|Any CPU
		{0BB4D073-9D51-438A-8003-06515E37440A}.Debug|x64.ActiveCfg = Debug|Any CPU
		{0BB4D073-9D51-438A-8003-06515E37440A}.Debug|x64.Build.0 = Debug|Any CPU
		{0BB4D073-9D51-438A-8003-06515E37440A}.Debug|x86.ActiveCfg = Debug|Any CPU
		{0BB4D073-9D51-438A-8003-06515E37440A}.Debug|x86.Build.0 = Debug|Any CPU
		{0BB4D073-9D51-438A-8003-06515E37440A}.Release|Any CPU.ActiveCfg = Release|Any CPU
		{0BB4D073-9D51-438A-8003-06515E37440A}.Release|Any CPU.Build.0 = Release|Any CPU
		{0BB4D073-9D51-438A-8003-06515E37440A}.Release|x64.ActiveCfg = Release|Any CPU
		{0BB4D073-9D51-438A-8003-06515E37440A}.Release|x64.Build.0 = Release|Any CPU
		{0BB4D073-9D51-438A-8003-06515E37440A}.Release|x86.ActiveCfg = Release|Any CPU
		{0BB4D073-9D51-438A-8003-06515E37440A}.Release|x86.Build.0 = Release|Any CPU
		{CF981AA5-18A2-4536-B014-21B3E8DB2616}.Debug|Any CPU.ActiveCfg = Debug|Any CPU
		{CF981AA5-18A2-4536-B014-21B3E8DB2616}.Debug|Any CPU.Build.0 = Debug|Any CPU
		{CF981AA5-18A2-4536-B014-21B3E8DB2616}.Debug|x64.ActiveCfg = Debug|Any CPU
		{CF981AA5-18A2-4536-B014-21B3E8DB2616}.Debug|x64.Build.0 = Debug|Any CPU
		{CF981AA5-18A2-4536-B014-21B3E8DB2616}.Debug|x86.ActiveCfg = Debug|Any CPU
		{CF981AA5-18A2-4536-B014-21B3E8DB2616}.Debug|x86.Build.0 = Debug|Any CPU
		{CF981AA5-18A2-4536-B014-21B3E8DB2616}.Release|Any CPU.ActiveCfg = Release|Any CPU
		{CF981AA5-18A2-4536-B014-21B3E8DB2616}.Release|Any CPU.Build.0 = Release|Any CPU
		{CF981AA5-18A2-4536-B014-21B3E8DB2616}.Release|x64.ActiveCfg = Release|Any CPU
		{CF981AA5-18A2-4536-B014-21B3E8DB2616}.Release|x64.Build.0 = Release|Any CPU
		{CF981AA5-18A2-4536-B014-21B3E8DB2616}.Release|x86.ActiveCfg = Release|Any CPU
		{CF981AA5-18A2-4536-B014-21B3E8DB2616}.Release|x86.Build.0 = Release|Any CPU
		{B79C18CD-400E-4F0D-8901-E0742207A7CF}.Debug|Any CPU.ActiveCfg = Debug|Any CPU
		{B79C18CD-400E-4F0D-8901-E0742207A7CF}.Debug|Any CPU.Build.0 = Debug|Any CPU
		{B79C18CD-400E-4F0D-8901-E0742207A7CF}.Debug|x64.ActiveCfg = Debug|Any CPU
		{B79C18CD-400E-4F0D-8901-E0742207A7CF}.Debug|x64.Build.0 = Debug|Any CPU
		{B79C18CD-400E-4F0D-8901-E0742207A7CF}.Debug|x86.ActiveCfg = Debug|Any CPU
		{B79C18CD-400E-4F0D-8901-E0742207A7CF}.Debug|x86.Build.0 = Debug|Any CPU
		{B79C18CD-400E-4F0D-8901-E0742207A7CF}.Release|Any CPU.ActiveCfg = Release|Any CPU
		{B79C18CD-400E-4F0D-8901-E0742207A7CF}.Release|Any CPU.Build.0 = Release|Any CPU
		{B79C18CD-400E-4F0D-8901-E0742207A7CF}.Release|x64.ActiveCfg = Release|Any CPU
		{B79C18CD-400E-4F0D-8901-E0742207A7CF}.Release|x64.Build.0 = Release|Any CPU
		{B79C18CD-400E-4F0D-8901-E0742207A7CF}.Release|x86.ActiveCfg = Release|Any CPU
		{B79C18CD-400E-4F0D-8901-E0742207A7CF}.Release|x86.Build.0 = Release|Any CPU
		{29D70217-BF5D-4C0F-9D44-3ADA11F0FFD8}.Debug|Any CPU.ActiveCfg = Debug|Any CPU
		{29D70217-BF5D-4C0F-9D44-3ADA11F0FFD8}.Debug|Any CPU.Build.0 = Debug|Any CPU
		{29D70217-BF5D-4C0F-9D44-3ADA11F0FFD8}.Debug|x64.ActiveCfg = Debug|Any CPU
		{29D70217-BF5D-4C0F-9D44-3ADA11F0FFD8}.Debug|x64.Build.0 = Debug|Any CPU
		{29D70217-BF5D-4C0F-9D44-3ADA11F0FFD8}.Debug|x86.ActiveCfg = Debug|Any CPU
		{29D70217-BF5D-4C0F-9D44-3ADA11F0FFD8}.Debug|x86.Build.0 = Debug|Any CPU
		{29D70217-BF5D-4C0F-9D44-3ADA11F0FFD8}.Release|Any CPU.ActiveCfg = Release|Any CPU
		{29D70217-BF5D-4C0F-9D44-3ADA11F0FFD8}.Release|Any CPU.Build.0 = Release|Any CPU
		{29D70217-BF5D-4C0F-9D44-3ADA11F0FFD8}.Release|x64.ActiveCfg = Release|Any CPU
		{29D70217-BF5D-4C0F-9D44-3ADA11F0FFD8}.Release|x64.Build.0 = Release|Any CPU
		{29D70217-BF5D-4C0F-9D44-3ADA11F0FFD8}.Release|x86.ActiveCfg = Release|Any CPU
		{29D70217-BF5D-4C0F-9D44-3ADA11F0FFD8}.Release|x86.Build.0 = Release|Any CPU
		{DE0E1BD9-C0E1-489F-B416-BB2F73042F8D}.Debug|Any CPU.ActiveCfg = Debug|Any CPU
		{DE0E1BD9-C0E1-489F-B416-BB2F73042F8D}.Debug|Any CPU.Build.0 = Debug|Any CPU
		{DE0E1BD9-C0E1-489F-B416-BB2F73042F8D}.Debug|x64.ActiveCfg = Debug|Any CPU
		{DE0E1BD9-C0E1-489F-B416-BB2F73042F8D}.Debug|x64.Build.0 = Debug|Any CPU
		{DE0E1BD9-C0E1-489F-B416-BB2F73042F8D}.Debug|x86.ActiveCfg = Debug|Any CPU
		{DE0E1BD9-C0E1-489F-B416-BB2F73042F8D}.Debug|x86.Build.0 = Debug|Any CPU
		{DE0E1BD9-C0E1-489F-B416-BB2F73042F8D}.Release|Any CPU.ActiveCfg = Release|Any CPU
		{DE0E1BD9-C0E1-489F-B416-BB2F73042F8D}.Release|Any CPU.Build.0 = Release|Any CPU
		{DE0E1BD9-C0E1-489F-B416-BB2F73042F8D}.Release|x64.ActiveCfg = Release|Any CPU
		{DE0E1BD9-C0E1-489F-B416-BB2F73042F8D}.Release|x64.Build.0 = Release|Any CPU
		{DE0E1BD9-C0E1-489F-B416-BB2F73042F8D}.Release|x86.ActiveCfg = Release|Any CPU
		{DE0E1BD9-C0E1-489F-B416-BB2F73042F8D}.Release|x86.Build.0 = Release|Any CPU
	EndGlobalSection
	GlobalSection(SolutionProperties) = preSolution
		HideSolutionNode = FALSE
	EndGlobalSection
	GlobalSection(NestedProjects) = preSolution
		{0BB4D073-9D51-438A-8003-06515E37440A} = {827E0CD3-B72D-47B6-A68D-7590B98EB39B}
		{CF981AA5-18A2-4536-B014-21B3E8DB2616} = {827E0CD3-B72D-47B6-A68D-7590B98EB39B}
		{B79C18CD-400E-4F0D-8901-E0742207A7CF} = {827E0CD3-B72D-47B6-A68D-7590B98EB39B}
		{29D70217-BF5D-4C0F-9D44-3ADA11F0FFD8} = {827E0CD3-B72D-47B6-A68D-7590B98EB39B}
		{DE0E1BD9-C0E1-489F-B416-BB2F73042F8D} = {0AB3BF05-4346-4AA6-1389-037BE0695223}
	EndGlobalSection
EndGlobal
